
Microsoft Visual Studio Solution File, Format Version 12.00
# Visual Studio Version 16
VisualStudioVersion = 16.0.30717.126
MinimumVisualStudioVersion = 10.0.40219.1
Project("{9A19103F-16F7-4668-BE54-9A1E7A4F7556}") = "Shos.UndoRedoList", "Shos.UndoRedoList\Shos.UndoRedoList.csproj", "{62ECB1C7-5485-4543-B957-015A18798B23}"
EndProject
Project("{9A19103F-16F7-4668-BE54-9A1E7A4F7556}") = "Shos.UndoRedoList.Tests", "Shos.UndoRedoList.Tests\Shos.UndoRedoList.Tests.csproj", "{3C0EBEC9-B889-4AF6-82BB-E8E3F1D77C2B}"
EndProject
Project("{2150E333-8FDC-42A3-9474-1A3956D46DE8}") = "Solution Files", "Solution Files", "{B926AD8E-4307-4B93-871A-55BB03B4FFAD}"
	ProjectSection(SolutionItems) = preProject
		LICENSE = LICENSE
		README.md = README.md
	EndProjectSection
EndProject
Project("{9A19103F-16F7-4668-BE54-9A1E7A4F7556}") = "Shos.UndoRedoList.SampleApp", "Shos.UndoRedoList.SampleApp\Shos.UndoRedoList.SampleApp.csproj", "{A76E99CA-2396-42E8-9720-39EDD6DD4637}"
EndProject
Project("{2150E333-8FDC-42A3-9474-1A3956D46DE8}") = "Images", "Images", "{C8063C2A-463D-4683-92F0-6345D6E08883}"
	ProjectSection(SolutionItems) = preProject
		Images\Shos.UndoRedoList.SampleApp.png = Images\Shos.UndoRedoList.SampleApp.png
	EndProjectSection
EndProject
Project("{9A19103F-16F7-4668-BE54-9A1E7A4F7556}") = "Shos.UndoRedoList.PerformanceTests", "Shos.UndoRedoList.PerformanceTests\Shos.UndoRedoList.PerformanceTests.csproj", "{10BA1AA9-65CD-4FB0-AB41-80B6097E664E}"
EndProject
Global
	GlobalSection(SolutionConfigurationPlatforms) = preSolution
		Debug|Any CPU = Debug|Any CPU
		Release|Any CPU = Release|Any CPU
	EndGlobalSection
	GlobalSection(ProjectConfigurationPlatforms) = postSolution
		{62ECB1C7-5485-4543-B957-015A18798B23}.Debug|Any CPU.ActiveCfg = Debug|Any CPU
		{62ECB1C7-5485-4543-B957-015A18798B23}.Debug|Any CPU.Build.0 = Debug|Any CPU
		{62ECB1C7-5485-4543-B957-015A18798B23}.Release|Any CPU.ActiveCfg = Release|Any CPU
		{62ECB1C7-5485-4543-B957-015A18798B23}.Release|Any CPU.Build.0 = Release|Any CPU
		{3C0EBEC9-B889-4AF6-82BB-E8E3F1D77C2B}.Debug|Any CPU.ActiveCfg = Debug|Any CPU
		{3C0EBEC9-B889-4AF6-82BB-E8E3F1D77C2B}.Debug|Any CPU.Build.0 = Debug|Any CPU
		{3C0EBEC9-B889-4AF6-82BB-E8E3F1D77C2B}.Release|Any CPU.ActiveCfg = Release|Any CPU
		{3C0EBEC9-B889-4AF6-82BB-E8E3F1D77C2B}.Release|Any CPU.Build.0 = Release|Any CPU
		{A76E99CA-2396-42E8-9720-39EDD6DD4637}.Debug|Any CPU.ActiveCfg = Debug|Any CPU
		{A76E99CA-2396-42E8-9720-39EDD6DD4637}.Debug|Any CPU.Build.0 = Debug|Any CPU
		{A76E99CA-2396-42E8-9720-39EDD6DD4637}.Release|Any CPU.ActiveCfg = Release|Any CPU
		{A76E99CA-2396-42E8-9720-39EDD6DD4637}.Release|Any CPU.Build.0 = Release|Any CPU
		{10BA1AA9-65CD-4FB0-AB41-80B6097E664E}.Debug|Any CPU.ActiveCfg = Debug|Any CPU
		{10BA1AA9-65CD-4FB0-AB41-80B6097E664E}.Debug|Any CPU.Build.0 = Debug|Any CPU
		{10BA1AA9-65CD-4FB0-AB41-80B6097E664E}.Release|Any CPU.ActiveCfg = Release|Any CPU
		{10BA1AA9-65CD-4FB0-AB41-80B6097E664E}.Release|Any CPU.Build.0 = Release|Any CPU
	EndGlobalSection
	GlobalSection(SolutionProperties) = preSolution
		HideSolutionNode = FALSE
	EndGlobalSection
	GlobalSection(NestedProjects) = preSolution
		{C8063C2A-463D-4683-92F0-6345D6E08883} = {B926AD8E-4307-4B93-871A-55BB03B4FFAD}
	EndGlobalSection
	GlobalSection(ExtensibilityGlobals) = postSolution
		SolutionGuid = {3BD2DEB2-10A2-4953-A0D5-990995330527}
	EndGlobalSection
EndGlobal
